// !$*UTF8*$!
{
	archiveVersion = 1;
	classes = {
	};
	objectVersion = 56;
	objects = {

/* Begin PBXBuildFile section */
		AA7559DE2C0788C4008D1DBA /* AppDelegate.swift in Sources */ = {isa = PBXBuildFile; fileRef = AA7559DD2C0788C4008D1DBA /* AppDelegate.swift */; };
		AA7559E02C0788C4008D1DBA /* SceneDelegate.swift in Sources */ = {isa = PBXBuildFile; fileRef = AA7559DF2C0788C4008D1DBA /* SceneDelegate.swift */; };
		AA7559E22C0788C4008D1DBA /* ViewController.swift in Sources */ = {isa = PBXBuildFile; fileRef = AA7559E12C0788C4008D1DBA /* ViewController.swift */; };
		AA7559E52C0788C5008D1DBA /* Base in Resources */ = {isa = PBXBuildFile; fileRef = AA7559E42C0788C5008D1DBA /* Base */; };
		AA7559E72C0788C6008D1DBA /* Assets.xcassets in Resources */ = {isa = PBXBuildFile; fileRef = AA7559E62C0788C6008D1DBA /* Assets.xcassets */; };
		AA7559EA2C0788C6008D1DBA /* Base in Resources */ = {isa = PBXBuildFile; fileRef = AA7559E92C0788C6008D1DBA /* Base */; };
		AA7559F22C079ED8008D1DBA /* DetailsViewController.swift in Sources */ = {isa = PBXBuildFile; fileRef = AA7559F12C079ED8008D1DBA /* DetailsViewController.swift */; };
		AA9E4CAB2C083FDD006CE3AA /* PostModel.swift in Sources */ = {isa = PBXBuildFile; fileRef = AA9E4CAA2C083FDD006CE3AA /* PostModel.swift */; };
		AA9E4CAD2C08400D006CE3AA /* DataService.swift in Sources */ = {isa = PBXBuildFile; fileRef = AA9E4CAC2C08400D006CE3AA /* DataService.swift */; };
/* End PBXBuildFile section */

/* Begin PBXFileReference section */
		AA7559DA2C0788C4008D1DBA /* PaginationDemoApp.app */ = {isa = PBXFileReference; explicitFileType = wrapper.application; includeInIndex = 0; path = PaginationDemoApp.app; sourceTree = BUILT_PRODUCTS_DIR; };
		AA7559DD2C0788C4008D1DBA /* AppDelegate.swift */ = {isa = PBXFileReference; lastKnownFileType = sourcecode.swift; path = AppDelegate.swift; sourceTree = "<group>"; };
		AA7559DF2C0788C4008D1DBA /* SceneDelegate.swift */ = {isa = PBXFileReference; lastKnownFileType = sourcecode.swift; path = SceneDelegate.swift; sourceTree = "<group>"; };
		AA7559E12C0788C4008D1DBA /* ViewController.swift */ = {isa = PBXFileReference; lastKnownFileType = sourcecode.swift; path = ViewController.swift; sourceTree = "<group>"; };
		AA7559E42C0788C5008D1DBA /* Base */ = {isa = PBXFileReference; lastKnownFileType = file.storyboard; name = Base; path = Base.lproj/Main.storyboard; sourceTree = "<group>"; };
		AA7559E62C0788C6008D1DBA /* Assets.xcassets */ = {isa = PBXFileReference; lastKnownFileType = folder.assetcatalog; path = Assets.xcassets; sourceTree = "<group>"; };
		AA7559E92C0788C6008D1DBA /* Base */ = {isa = PBXFileReference; lastKnownFileType = file.storyboard; name = Base; path = Base.lproj/LaunchScreen.storyboard; sourceTree = "<group>"; };
		AA7559EB2C0788C6008D1DBA /* Info.plist */ = {isa = PBXFileReference; lastKnownFileType = text.plist.xml; path = Info.plist; sourceTree = "<group>"; };
		AA7559F12C079ED8008D1DBA /* DetailsViewController.swift */ = {isa = PBXFileReference; lastKnownFileType = sourcecode.swift; path = DetailsViewController.swift; sourceTree = "<group>"; };
		AA9E4CAA2C083FDD006CE3AA /* PostModel.swift */ = {isa = PBXFileReference; lastKnownFileType = sourcecode.swift; path = PostModel.swift; sourceTree = "<group>"; };
		AA9E4CAC2C08400D006CE3AA /* DataService.swift */ = {isa = PBXFileReference; lastKnownFileType = sourcecode.swift; path = DataService.swift; sourceTree = "<group>"; };
/* End PBXFileReference section */

/* Begin PBXFrameworksBuildPhase section */
		AA7559D72C0788C4008D1DBA /* Frameworks */ = {
			isa = PBXFrameworksBuildPhase;
			buildActionMask = 2147483647;
			files = (
			);
			runOnlyForDeploymentPostprocessing = 0;
		};
/* End PBXFrameworksBuildPhase section */

/* Begin PBXGroup section */
		AA7559D12C0788C4008D1DBA = {
			isa = PBXGroup;
			children = (
				AA7559DC2C0788C4008D1DBA /* PaginationDemoApp */,
				AA7559DB2C0788C4008D1DBA /* Products */,
			);
			sourceTree = "<group>";
		};
		AA7559DB2C0788C4008D1DBA /* Products */ = {
			isa = PBXGroup;
			children = (
				AA7559DA2C0788C4008D1DBA /* PaginationDemoApp.app */,
			);
			name = Products;
			sourceTree = "<group>";
		};
		AA7559DC2C0788C4008D1DBA /* PaginationDemoApp */ = {
			isa = PBXGroup;
			children = (
				AA7559DD2C0788C4008D1DBA /* AppDelegate.swift */,
				AA7559DF2C0788C4008D1DBA /* SceneDelegate.swift */,
				AA9E4CAA2C083FDD006CE3AA /* PostModel.swift */,
				AA9E4CAC2C08400D006CE3AA /* DataService.swift */,
				AA7559E12C0788C4008D1DBA /* ViewController.swift */,
				AA7559F12C079ED8008D1DBA /* DetailsViewController.swift */,
				AA7559E32C0788C5008D1DBA /* Main.storyboard */,
				AA7559E62C0788C6008D1DBA /* Assets.xcassets */,
				AA7559E82C0788C6008D1DBA /* LaunchScreen.storyboard */,
				AA7559EB2C0788C6008D1DBA /* Info.plist */,
			);
			path = PaginationDemoApp;
			sourceTree = "<group>";
		};
/* End PBXGroup section */

/* Begin PBXNativeTarget section */
		AA7559D92C0788C4008D1DBA /* PaginationDemoApp */ = {
			isa = PBXNativeTarget;
			buildConfigurationList = AA7559EE2C0788C6008D1DBA /* Build configuration list for PBXNativeTarget "PaginationDemoApp" */;
			buildPhases = (
				AA7559D62C0788C4008D1DBA /* Sources */,
				AA7559D72C0788C4008D1DBA /* Frameworks */,
				AA7559D82C0788C4008D1DBA /* Resources */,
			);
			buildRules = (
			);
			dependencies = (
			);
			name = PaginationDemoApp;
			productName = PaginationDemoApp;
			productReference = AA7559DA2C0788C4008D1DBA /* PaginationDemoApp.app */;
			productType = "com.apple.product-type.application";
		};
/* End PBXNativeTarget section */

/* Begin PBXProject section */
		AA7559D22C0788C4008D1DBA /* Project object */ = {
			isa = PBXProject;
			attributes = {
				BuildIndependentTargetsInParallel = 1;
				LastSwiftUpdateCheck = 1540;
				LastUpgradeCheck = 1540;
				TargetAttributes = {
					AA7559D92C0788C4008D1DBA = {
						CreatedOnToolsVersion = 15.4;
					};
				};
			};
			buildConfigurationList = AA7559D52C0788C4008D1DBA /* Build configuration list for PBXProject "PaginationDemoApp" */;
			compatibilityVersion = "Xcode 14.0";
			developmentRegion = en;
			hasScannedForEncodings = 0;
			knownRegions = (
				en,
				Base,
			);
			mainGroup = AA7559D12C0788C4008D1DBA;
			productRefGroup = AA7559DB2C0788C4008D1DBA /* Products */;
			projectDirPath = "";
			projectRoot = "";
			targets = (
				AA7559D92C0788C4008D1DBA /* PaginationDemoApp */,
			);
		};
/* End PBXProject section */

/* Begin PBXResourcesBuildPhase section */
		AA7559D82C0788C4008D1DBA /* Resources */ = {
			isa = PBXResourcesBuildPhase;
			buildActionMask = 2147483647;
			files = (
				AA7559E72C0788C6008D1DBA /* Assets.xcassets in Resources */,
				AA7559EA2C0788C6008D1DBA /* Base in Resources */,
				AA7559E52C0788C5008D1DBA /* Base in Resources */,
			);
			runOnlyForDeploymentPostprocessing = 0;
		};
/* End PBXResourcesBuildPhase section */

/* Begin PBXSourcesBuildPhase section */
		AA7559D62C0788C4008D1DBA /* Sources */ = {
			isa = PBXSourcesBuildPhase;
			buildActionMask = 2147483647;
			files = (
				AA7559E22C0788C4008D1DBA /* ViewController.swift in Sources */,
				AA9E4CAB2C083FDD006CE3AA /* PostModel.swift in Sources */,
				AA7559DE2C0788C4008D1DBA /* AppDelegate.swift in Sources */,
				AA9E4CAD2C08400D006CE3AA /* DataService.swift in Sources */,
				AA7559E02C0788C4008D1DBA /* SceneDelegate.swift in Sources */,
				AA7559F22C079ED8008D1DBA /* DetailsViewController.swift in Sources */,
			);
			runOnlyForDeploymentPostprocessing = 0;
		};
/* End PBXSourcesBuildPhase section */

/* Begin PBXVariantGroup section */
		AA7559E32C0788C5008D1DBA /* Main.storyboard */ = {
			isa = PBXVariantGroup;
			children = (
				AA7559E42C0788C5008D1DBA /* Base */,
			);
			name = Main.storyboard;
			sourceTree = "<group>";
		};
		AA7559E82C0788C6008D1DBA /* LaunchScreen.storyboard */ = {
			isa = PBXVariantGroup;
			children = (
				AA7559E92C0788C6008D1DBA /* Base */,
			);
			name = LaunchScreen.storyboard;
			sourceTree = "<group>";
		};
/* End PBXVariantGroup section */

/* Begin XCBuildConfiguration section */
		AA7559EC2C0788C6008D1DBA /* Debug */ = {
			isa = XCBuildConfiguration;
			buildSettings = {
				ALWAYS_SEARCH_USER_PATHS = NO;
				ASSETCATALOG_COMPILER_GENERATE_SWIFT_ASSET_SYMBOL_EXTENSIONS = YES;
				CLANG_ANALYZER_NONNULL = YES;
				CLANG_ANALYZER_NUMBER_OBJECT_CONVERSION = YES_AGGRESSIVE;
				CLANG_CXX_LANGUAGE_STANDARD = "gnu++20";
				CLANG_ENABLE_MODULES = YES;
				CLANG_ENABLE_OBJC_ARC = YES;
				CLANG_ENABLE_OBJC_WEAK = YES;
				CLANG_WARN_BLOCK_CAPTURE_AUTORELEASING = YES;
				CLANG_WARN_BOOL_CONVERSION = YES;
				CLANG_WARN_COMMA = YES;
				CLANG_WARN_CONSTANT_CONVERSION = YES;
				CLANG_WARN_DEPRECATED_OBJC_IMPLEMENTATIONS = YES;
				CLANG_WARN_DIRECT_OBJC_ISA_USAGE = YES_ERROR;
				CLANG_WARN_DOCUMENTATION_COMMENTS = YES;
				CLANG_WARN_EMPTY_BODY = YES;
				CLANG_WARN_ENUM_CONVERSION = YES;
				CLANG_WARN_INFINITE_RECURSION = YES;
				CLANG_WARN_INT_CONVERSION = YES;
				CLANG_WARN_NON_LITERAL_NULL_CONVERSION = YES;
				CLANG_WARN_OBJC_IMPLICIT_RETAIN_SELF = YES;
				CLANG_WARN_OBJC_LITERAL_CONVERSION = YES;
				CLANG_WARN_OBJC_ROOT_CLASS = YES_ERROR;
				CLANG_WARN_QUOTED_INCLUDE_IN_FRAMEWORK_HEADER = YES;
				CLANG_WARN_RANGE_LOOP_ANALYSIS = YES;
				CLANG_WARN_STRICT_PROTOTYPES = YES;
				CLANG_WARN_SUSPICIOUS_MOVE = YES;
				CLANG_WARN_UNGUARDED_AVAILABILITY = YES_AGGRESSIVE;
				CLANG_WARN_UNREACHABLE_CODE = YES;
				CLANG_WARN__DUPLICATE_METHOD_MATCH = YES;
				COPY_PHASE_STRIP = NO;
				DEBUG_INFORMATION_FORMAT = dwarf;
				ENABLE_STRICT_OBJC_MSGSEND = YES;
				ENABLE_TESTABILITY = YES;
				ENABLE_USER_SCRIPT_SANDBOXING = YES;
				GCC_C_LANGUAGE_STANDARD = gnu17;
				GCC_DYNAMIC_NO_PIC = NO;
				GCC_NO_COMMON_BLOCKS = YES;
				GCC_OPTIMIZATION_LEVEL = 0;
				GCC_PREPROCESSOR_DEFINITIONS = (
					"DEBUG=1",
					"$(inherited)",
				);
				GCC_WARN_64_TO_32_BIT_CONVERSION = YES;
				GCC_WARN_ABOUT_RETURN_TYPE = YES_ERROR;
				GCC_WARN_UNDECLARED_SELECTOR = YES;
				GCC_WARN_UNINITIALIZED_AUTOS = YES_AGGRESSIVE;
				GCC_WARN_UNUSED_FUNCTION = YES;
				GCC_WARN_UNUSED_VARIABLE = YES;
				IPHONEOS_DEPLOYMENT_TARGET = 17.5;
				LOCALIZATION_PREFERS_STRING_CATALOGS = YES;
				MTL_ENABLE_DEBUG_INFO = INCLUDE_SOURCE;
				MTL_FAST_MATH = YES;
				ONLY_ACTIVE_ARCH = YES;
				SDKROOT = iphoneos;
				SWIFT_ACTIVE_COMPILATION_CONDITIONS = "DEBUG $(inherited)";
				SWIFT_OPTIMIZATION_LEVEL = "-Onone";
			};
			name = Debug;
		};
		AA7559ED2C0788C6008D1DBA /* Release */ = {
			isa = XCBuildConfiguration;
			buildSettings = {
				ALWAYS_SEARCH_USER_PATHS = NO;
				ASSETCATALOG_COMPILER_GENERATE_SWIFT_ASSET_SYMBOL_EXTENSIONS = YES;
				CLANG_ANALYZER_NONNULL = YES;
				CLANG_ANALYZER_NUMBER_OBJECT_CONVERSION = YES_AGGRESSIVE;
				CLANG_CXX_LANGUAGE_STANDARD = "gnu++20";
				CLANG_ENABLE_MODULES = YES;
				CLANG_ENABLE_OBJC_ARC = YES;
				CLANG_ENABLE_OBJC_WEAK = YES;
				CLANG_WARN_BLOCK_CAPTURE_AUTORELEASING = YES;
				CLANG_WARN_BOOL_CONVERSION = YES;
				CLANG_WARN_COMMA = YES;
				CLANG_WARN_CONSTANT_CONVERSION = YES;
				CLANG_WARN_DEPRECATED_OBJC_IMPLEMENTATIONS = YES;
				CLANG_WARN_DIRECT_OBJC_ISA_USAGE = YES_ERROR;
				CLANG_WARN_DOCUMENTATION_COMMENTS = YES;
				CLANG_WARN_EMPTY_BODY = YES;
				CLANG_WARN_ENUM_CONVERSION = YES;
				CLANG_WARN_INFINITE_RECURSION = YES;
				CLANG_WARN_INT_CONVERSION = YES;
				CLANG_WARN_NON_LITERAL_NULL_CONVERSION = YES;
				CLANG_WARN_OBJC_IMPLICIT_RETAIN_SELF = YES;
				CLANG_WARN_OBJC_LITERAL_CONVERSION = YES;
				CLANG_WARN_OBJC_ROOT_CLASS = YES_ERROR;
				CLANG_WARN_QUOTED_INCLUDE_IN_FRAMEWORK_HEADER = YES;
				CLANG_WARN_RANGE_LOOP_ANALYSIS = YES;
				CLANG_WARN_STRICT_PROTOTYPES = YES;
				CLANG_WARN_SUSPICIOUS_MOVE = YES;
				CLANG_WARN_UNGUARDED_AVAILABILITY = YES_AGGRESSIVE;
				CLANG_WARN_UNREACHABLE_CODE = YES;
				CLANG_WARN__DUPLICATE_METHOD_MATCH = YES;
				COPY_PHASE_STRIP = NO;
				DEBUG_INFORMATION_FORMAT = "dwarf-with-dsym";
				ENABLE_NS_ASSERTIONS = NO;
				ENABLE_STRICT_OBJC_MSGSEND = YES;
				ENABLE_USER_SCRIPT_SANDBOXING = YES;
				GCC_C_LANGUAGE_STANDARD = gnu17;
				GCC_NO_COMMON_BLOCKS = YES;
				GCC_WARN_64_TO_32_BIT_CONVERSION = YES;
				GCC_WARN_ABOUT_RETURN_TYPE = YES_ERROR;
				GCC_WARN_UNDECLARED_SELECTOR = YES;
				GCC_WARN_UNINITIALIZED_AUTOS = YES_AGGRESSIVE;
				GCC_WARN_UNUSED_FUNCTION = YES;
				GCC_WARN_UNUSED_VARIABLE = YES;
				IPHONEOS_DEPLOYMENT_TARGET = 17.5;
				LOCALIZATION_PREFERS_STRING_CATALOGS = YES;
				MTL_ENABLE_DEBUG_INFO = NO;
				MTL_FAST_MATH = YES;
				SDKROOT = iphoneos;
				SWIFT_COMPILATION_MODE = wholemodule;
				VALIDATE_PRODUCT = YES;
			};
			name = Release;
		};
		AA7559EF2C0788C6008D1DBA /* Debug */ = {
			isa = XCBuildConfiguration;
			buildSettings = {
				ASSETCATALOG_COMPILER_APPICON_NAME = AppIcon;
				ASSETCATALOG_COMPILER_GLOBAL_ACCENT_COLOR_NAME = AccentColor;
				CODE_SIGN_STYLE = Automatic;
				CURRENT_PROJECT_VERSION = 1;
				DEVELOPMENT_TEAM = 32TBHZLZ99;
				GENERATE_INFOPLIST_FILE = YES;
				INFOPLIST_FILE = PaginationDemoApp/Info.plist;
				INFOPLIST_KEY_UIApplicationSupportsIndirectInputEvents = YES;
				INFOPLIST_KEY_UILaunchStoryboardName = LaunchScreen;
				INFOPLIST_KEY_UIMainStoryboardFile = Main;
				INFOPLIST_KEY_UISupportedInterfaceOrientations_iPad = "UIInterfaceOrientationPortrait UIInterfaceOrientationPortraitUpsideDown UIInterfaceOrientationLandscapeLeft UIInterfaceOrientationLandscapeRight";
				INFOPLIST_KEY_UISupportedInterfaceOrientations_iPhone = "UIInterfaceOrientationPortrait UIInterfaceOrientationLandscapeLeft UIInterfaceOrientationLandscapeRight";
				IPHONEOS_DEPLOYMENT_TARGET = 15.1;
				LD_RUNPATH_SEARCH_PATHS = (
					"$(inherited)",
					"@executable_path/Frameworks",
				);
				MARKETING_VERSION = 1.0;
				PRODUCT_BUNDLE_IDENTIFIER = com.ashish.PaginationDemoApp;
				PRODUCT_NAME = "$(TARGET_NAME)";
				SWIFT_EMIT_LOC_STRINGS = YES;
				SWIFT_VERSION = 5.0;
				TARGETED_DEVICE_FAMILY = "1,2";
			};
			name = Debug;
		};
		AA7559F02C0788C6008D1DBA /* Release */ = {
			isa = XCBuildConfiguration;
			buildSettings = {
				ASSETCATALOG_COMPILER_APPICON_NAME = AppIcon;
				ASSETCATALOG_COMPILER_GLOBAL_ACCENT_COLOR_NAME = AccentColor;
				CODE_SIGN_STYLE = Automatic;
				CURRENT_PROJECT_VERSION = 1;
				DEVELOPMENT_TEAM = 32TBHZLZ99;
				GENERATE_INFOPLIST_FILE = YES;
				INFOPLIST_FILE = PaginationDemoApp/Info.plist;
				INFOPLIST_KEY_UIApplicationSupportsIndirectInputEvents = YES;
				INFOPLIST_KEY_UILaunchStoryboardName = LaunchScreen;
				INFOPLIST_KEY_UIMainStoryboardFile = Main;
				INFOPLIST_KEY_UISupportedInterfaceOrientations_iPad = "UIInterfaceOrientationPortrait UIInterfaceOrientationPortraitUpsideDown UIInterfaceOrientationLandscapeLeft UIInterfaceOrientationLandscapeRight";
				INFOPLIST_KEY_UISupportedInterfaceOrientations_iPhone = "UIInterfaceOrientationPortrait UIInterfaceOrientationLandscapeLeft UIInterfaceOrientationLandscapeRight";
				IPHONEOS_DEPLOYMENT_TARGET = 15.1;
				LD_RUNPATH_SEARCH_PATHS = (
					"$(inherited)",
					"@executable_path/Frameworks",
				);
				MARKETING_VERSION = 1.0;
				PRODUCT_BUNDLE_IDENTIFIER = com.ashish.PaginationDemoApp;
				PRODUCT_NAME = "$(TARGET_NAME)";
				SWIFT_EMIT_LOC_STRINGS = YES;
				SWIFT_VERSION = 5.0;
				TARGETED_DEVICE_FAMILY = "1,2";
			};
			name = Release;
		};
/* End XCBuildConfiguration section */

/* Begin XCConfigurationList section */
		AA7559D52C0788C4008D1DBA /* Build configuration list for PBXProject "PaginationDemoApp" */ = {
			isa = XCConfigurationList;
			buildConfigurations = (
				AA7559EC2C0788C6008D1DBA /* Debug */,
				AA7559ED2C0788C6008D1DBA /* Release */,
			);
			defaultConfigurationIsVisible = 0;
			defaultConfigurationName = Release;
		};
		AA7559EE2C0788C6008D1DBA /* Build configuration list for PBXNativeTarget "PaginationDemoApp" */ = {
			isa = XCConfigurationList;
			buildConfigurations = (
				AA7559EF2C0788C6008D1DBA /* Debug */,
				AA7559F02C0788C6008D1DBA /* Release */,
			);
			defaultConfigurationIsVisible = 0;
			defaultConfigurationName = Release;
		};
/* End XCConfigurationList section */
	};
	rootObject = AA7559D22C0788C4008D1DBA /* Project object */;
}
